
Microsoft Visual Studio Solution File, Format Version 12.00
# Visual Studio 15
VisualStudioVersion = 15.0.28307.1340
MinimumVisualStudioVersion = 10.0.40219.1
Project("{9A19103F-16F7-4668-BE54-9A1E7A4F7556}") = "IznajmljivanjeSmestaja", "IznajmljivanjeSmestaja\IznajmljivanjeSmestaja.csproj", "{FAA0B5F0-ED00-4FF9-86E6-639D6FEF99E6}"
EndProject
Project("{FAE04EC0-301F-11D3-BF4B-00C04F79EFBC}") = "IznajmljivanjeSmestajaTest", "IznajmljivanjeSmestajaTest\IznajmljivanjeSmestajaTest.csproj", "{49D2C353-7791-4017-9ABD-849F048F77ED}"
EndProject
Global
	GlobalSection(SolutionConfigurationPlatforms) = preSolution
		Debug|Any CPU = Debug|Any CPU
		Release|Any CPU = Release|Any CPU
	EndGlobalSection
	GlobalSection(ProjectConfigurationPlatforms) = postSolution
		{FAA0B5F0-ED00-4FF9-86E6-639D6FEF99E6}.Debug|Any CPU.ActiveCfg = Debug|Any CPU
		{FAA0B5F0-ED00-4FF9-86E6-639D6FEF99E6}.Debug|Any CPU.Build.0 = Debug|Any CPU
		{FAA0B5F0-ED00-4FF9-86E6-639D6FEF99E6}.Release|Any CPU.ActiveCfg = Release|Any CPU
		{FAA0B5F0-ED00-4FF9-86E6-639D6FEF99E6}.Release|Any CPU.Build.0 = Release|Any CPU
		{49D2C353-7791-4017-9ABD-849F048F77ED}.Debug|Any CPU.ActiveCfg = Debug|Any CPU
		{49D2C353-7791-4017-9ABD-849F048F77ED}.Debug|Any CPU.Build.0 = Debug|Any CPU
		{49D2C353-7791-4017-9ABD-849F048F77ED}.Release|Any CPU.ActiveCfg = Release|Any CPU
		{49D2C353-7791-4017-9ABD-849F048F77ED}.Release|Any CPU.Build.0 = Release|Any CPU
	EndGlobalSection
	GlobalSection(SolutionProperties) = preSolution
		HideSolutionNode = FALSE
	EndGlobalSection
	GlobalSection(ExtensibilityGlobals) = postSolution
		SolutionGuid = {06DC152D-5BCE-4DAB-B141-8FD45A6D062E}
	EndGlobalSection
EndGlobal
